// !$*UTF8*$!
{
	archiveVersion = 1;
	classes = {
	};
	objectVersion = 55;
	objects = {

/* Begin PBXBuildFile section */
		0762A16927F6748600AB307D /* DetailViewController.swift in Sources */ = {isa = PBXBuildFile; fileRef = 0762A16827F6748600AB307D /* DetailViewController.swift */; };
		0762A16F27FB921000AB307D /* CoreData.swift in Sources */ = {isa = PBXBuildFile; fileRef = 0762A16E27FB921000AB307D /* CoreData.swift */; };
		0762A17127FBA00100AB307D /* FavViewController.swift in Sources */ = {isa = PBXBuildFile; fileRef = 0762A17027FBA00100AB307D /* FavViewController.swift */; };
		0762A17427FBB05200AB307D /* FavDetailsViewController.swift in Sources */ = {isa = PBXBuildFile; fileRef = 0762A17327FBB05200AB307D /* FavDetailsViewController.swift */; };
		07E7463C27F5FA0800129C60 /* AppDelegate.swift in Sources */ = {isa = PBXBuildFile; fileRef = 07E7463B27F5FA0800129C60 /* AppDelegate.swift */; };
		07E7463E27F5FA0800129C60 /* SceneDelegate.swift in Sources */ = {isa = PBXBuildFile; fileRef = 07E7463D27F5FA0800129C60 /* SceneDelegate.swift */; };
		07E7464027F5FA0800129C60 /* ViewController.swift in Sources */ = {isa = PBXBuildFile; fileRef = 07E7463F27F5FA0800129C60 /* ViewController.swift */; };
		07E7464327F5FA0800129C60 /* Main.storyboard in Resources */ = {isa = PBXBuildFile; fileRef = 07E7464127F5FA0800129C60 /* Main.storyboard */; };
		07E7464627F5FA0800129C60 /* Solar.xcdatamodeld in Sources */ = {isa = PBXBuildFile; fileRef = 07E7464427F5FA0800129C60 /* Solar.xcdatamodeld */; };
		07E7464827F5FA0900129C60 /* Assets.xcassets in Resources */ = {isa = PBXBuildFile; fileRef = 07E7464727F5FA0900129C60 /* Assets.xcassets */; };
		07E7464B27F5FA0900129C60 /* LaunchScreen.storyboard in Resources */ = {isa = PBXBuildFile; fileRef = 07E7464927F5FA0900129C60 /* LaunchScreen.storyboard */; };
		07E7465327F5FA7400129C60 /* Planets.swift in Sources */ = {isa = PBXBuildFile; fileRef = 07E7465227F5FA7400129C60 /* Planets.swift */; };
		07E7465527F5FAB500129C60 /* Network.swift in Sources */ = {isa = PBXBuildFile; fileRef = 07E7465427F5FAB500129C60 /* Network.swift */; };
/* End PBXBuildFile section */

/* Begin PBXFileReference section */
		0762A16827F6748600AB307D /* DetailViewController.swift */ = {isa = PBXFileReference; lastKnownFileType = sourcecode.swift; path = DetailViewController.swift; sourceTree = "<group>"; };
		0762A16E27FB921000AB307D /* CoreData.swift */ = {isa = PBXFileReference; lastKnownFileType = sourcecode.swift; path = CoreData.swift; sourceTree = "<group>"; };
		0762A17027FBA00100AB307D /* FavViewController.swift */ = {isa = PBXFileReference; lastKnownFileType = sourcecode.swift; path = FavViewController.swift; sourceTree = "<group>"; };
		0762A17327FBB05200AB307D /* FavDetailsViewController.swift */ = {isa = PBXFileReference; lastKnownFileType = sourcecode.swift; path = FavDetailsViewController.swift; sourceTree = "<group>"; };
		07E7463827F5FA0800129C60 /* Solar.app */ = {isa = PBXFileReference; explicitFileType = wrapper.application; includeInIndex = 0; path = Solar.app; sourceTree = BUILT_PRODUCTS_DIR; };
		07E7463B27F5FA0800129C60 /* AppDelegate.swift */ = {isa = PBXFileReference; lastKnownFileType = sourcecode.swift; path = AppDelegate.swift; sourceTree = "<group>"; };
		07E7463D27F5FA0800129C60 /* SceneDelegate.swift */ = {isa = PBXFileReference; lastKnownFileType = sourcecode.swift; path = SceneDelegate.swift; sourceTree = "<group>"; };
		07E7463F27F5FA0800129C60 /* ViewController.swift */ = {isa = PBXFileReference; lastKnownFileType = sourcecode.swift; path = ViewController.swift; sourceTree = "<group>"; };
		07E7464227F5FA0800129C60 /* Base */ = {isa = PBXFileReference; lastKnownFileType = file.storyboard; name = Base; path = Base.lproj/Main.storyboard; sourceTree = "<group>"; };
		07E7464527F5FA0800129C60 /* Solar.xcdatamodel */ = {isa = PBXFileReference; lastKnownFileType = wrapper.xcdatamodel; path = Solar.xcdatamodel; sourceTree = "<group>"; };
		07E7464727F5FA0900129C60 /* Assets.xcassets */ = {isa = PBXFileReference; lastKnownFileType = folder.assetcatalog; path = Assets.xcassets; sourceTree = "<group>"; };
		07E7464A27F5FA0900129C60 /* Base */ = {isa = PBXFileReference; lastKnownFileType = file.storyboard; name = Base; path = Base.lproj/LaunchScreen.storyboard; sourceTree = "<group>"; };
		07E7464C27F5FA0900129C60 /* Info.plist */ = {isa = PBXFileReference; lastKnownFileType = text.plist.xml; path = Info.plist; sourceTree = "<group>"; };
		07E7465227F5FA7400129C60 /* Planets.swift */ = {isa = PBXFileReference; lastKnownFileType = sourcecode.swift; path = Planets.swift; sourceTree = "<group>"; };
		07E7465427F5FAB500129C60 /* Network.swift */ = {isa = PBXFileReference; lastKnownFileType = sourcecode.swift; path = Network.swift; sourceTree = "<group>"; };
/* End PBXFileReference section */

/* Begin PBXFrameworksBuildPhase section */
		07E7463527F5FA0800129C60 /* Frameworks */ = {
			isa = PBXFrameworksBuildPhase;
			buildActionMask = 2147483647;
			files = (
			);
			runOnlyForDeploymentPostprocessing = 0;
		};
/* End PBXFrameworksBuildPhase section */

/* Begin PBXGroup section */
		07BF8FEA2806F7DF00AFE470 /* view */ = {
			isa = PBXGroup;
			children = (
				07E7463F27F5FA0800129C60 /* ViewController.swift */,
				0762A16827F6748600AB307D /* DetailViewController.swift */,
				0762A17027FBA00100AB307D /* FavViewController.swift */,
				0762A17327FBB05200AB307D /* FavDetailsViewController.swift */,
			);
			path = view;
			sourceTree = "<group>";
		};
		07BF8FEB2806F7EB00AFE470 /* model */ = {
			isa = PBXGroup;
			children = (
				07E7465227F5FA7400129C60 /* Planets.swift */,
			);
			path = model;
			sourceTree = "<group>";
		};
		07BF8FEC2806F80700AFE470 /* controller */ = {
			isa = PBXGroup;
			children = (
				07E7465427F5FAB500129C60 /* Network.swift */,
				0762A16E27FB921000AB307D /* CoreData.swift */,
			);
			path = controller;
			sourceTree = "<group>";
		};
		07E7462F27F5FA0800129C60 = {
			isa = PBXGroup;
			children = (
				07E7463A27F5FA0800129C60 /* Solar */,
				07E7463927F5FA0800129C60 /* Products */,
			);
			sourceTree = "<group>";
		};
		07E7463927F5FA0800129C60 /* Products */ = {
			isa = PBXGroup;
			children = (
				07E7463827F5FA0800129C60 /* Solar.app */,
			);
			name = Products;
			sourceTree = "<group>";
		};
		07E7463A27F5FA0800129C60 /* Solar */ = {
			isa = PBXGroup;
			children = (
				07E7463B27F5FA0800129C60 /* AppDelegate.swift */,
				07E7463D27F5FA0800129C60 /* SceneDelegate.swift */,
				07BF8FEB2806F7EB00AFE470 /* model */,
				07BF8FEA2806F7DF00AFE470 /* view */,
				07BF8FEC2806F80700AFE470 /* controller */,
				07E7464727F5FA0900129C60 /* Assets.xcassets */,
				07E7464127F5FA0800129C60 /* Main.storyboard */,
				07E7464927F5FA0900129C60 /* LaunchScreen.storyboard */,
				07E7464C27F5FA0900129C60 /* Info.plist */,
				07E7464427F5FA0800129C60 /* Solar.xcdatamodeld */,
			);
			path = Solar;
			sourceTree = "<group>";
		};
/* End PBXGroup section */

/* Begin PBXNativeTarget section */
		07E7463727F5FA0800129C60 /* Solar */ = {
			isa = PBXNativeTarget;
			buildConfigurationList = 07E7464F27F5FA0900129C60 /* Build configuration list for PBXNativeTarget "Solar" */;
			buildPhases = (
				07E7463427F5FA0800129C60 /* Sources */,
				07E7463527F5FA0800129C60 /* Frameworks */,
				07E7463627F5FA0800129C60 /* Resources */,
			);
			buildRules = (
			);
			dependencies = (
			);
			name = Solar;
			productName = Solar;
			productReference = 07E7463827F5FA0800129C60 /* Solar.app */;
			productType = "com.apple.product-type.application";
		};
/* End PBXNativeTarget section */

/* Begin PBXProject section */
		07E7463027F5FA0800129C60 /* Project object */ = {
			isa = PBXProject;
			attributes = {
				BuildIndependentTargetsInParallel = 1;
				LastSwiftUpdateCheck = 1330;
				LastUpgradeCheck = 1330;
				TargetAttributes = {
					07E7463727F5FA0800129C60 = {
						CreatedOnToolsVersion = 13.3;
					};
				};
			};
			buildConfigurationList = 07E7463327F5FA0800129C60 /* Build configuration list for PBXProject "Solar" */;
			compatibilityVersion = "Xcode 13.0";
			developmentRegion = en;
			hasScannedForEncodings = 0;
			knownRegions = (
				en,
				Base,
			);
			mainGroup = 07E7462F27F5FA0800129C60;
			productRefGroup = 07E7463927F5FA0800129C60 /* Products */;
			projectDirPath = "";
			projectRoot = "";
			targets = (
				07E7463727F5FA0800129C60 /* Solar */,
			);
		};
/* End PBXProject section */

/* Begin PBXResourcesBuildPhase section */
		07E7463627F5FA0800129C60 /* Resources */ = {
			isa = PBXResourcesBuildPhase;
			buildActionMask = 2147483647;
			files = (
				07E7464B27F5FA0900129C60 /* LaunchScreen.storyboard in Resources */,
				07E7464827F5FA0900129C60 /* Assets.xcassets in Resources */,
				07E7464327F5FA0800129C60 /* Main.storyboard in Resources */,
			);
			runOnlyForDeploymentPostprocessing = 0;
		};
/* End PBXResourcesBuildPhase section */

/* Begin PBXSourcesBuildPhase section */
		07E7463427F5FA0800129C60 /* Sources */ = {
			isa = PBXSourcesBuildPhase;
			buildActionMask = 2147483647;
			files = (
				07E7464027F5FA0800129C60 /* ViewController.swift in Sources */,
				07E7465327F5FA7400129C60 /* Planets.swift in Sources */,
				07E7465527F5FAB500129C60 /* Network.swift in Sources */,
				0762A17127FBA00100AB307D /* FavViewController.swift in Sources */,
				07E7463C27F5FA0800129C60 /* AppDelegate.swift in Sources */,
				0762A17427FBB05200AB307D /* FavDetailsViewController.swift in Sources */,
				0762A16F27FB921000AB307D /* CoreData.swift in Sources */,
				07E7463E27F5FA0800129C60 /* SceneDelegate.swift in Sources */,
				07E7464627F5FA0800129C60 /* Solar.xcdatamodeld in Sources */,
				0762A16927F6748600AB307D /* DetailViewController.swift in Sources */,
			);
			runOnlyForDeploymentPostprocessing = 0;
		};
/* End PBXSourcesBuildPhase section */

/* Begin PBXVariantGroup section */
		07E7464127F5FA0800129C60 /* Main.storyboard */ = {
			isa = PBXVariantGroup;
			children = (
				07E7464227F5FA0800129C60 /* Base */,
			);
			name = Main.storyboard;
			sourceTree = "<group>";
		};
		07E7464927F5FA0900129C60 /* LaunchScreen.storyboard */ = {
			isa = PBXVariantGroup;
			children = (
				07E7464A27F5FA0900129C60 /* Base */,
			);
			name = LaunchScreen.storyboard;
			sourceTree = "<group>";
		};
/* End PBXVariantGroup section */

/* Begin XCBuildConfiguration section */
		07E7464D27F5FA0900129C60 /* Debug */ = {
			isa = XCBuildConfiguration;
			buildSettings = {
				ALWAYS_SEARCH_USER_PATHS = NO;
				CLANG_ANALYZER_NONNULL = YES;
				CLANG_ANALYZER_NUMBER_OBJECT_CONVERSION = YES_AGGRESSIVE;
				CLANG_CXX_LANGUAGE_STANDARD = "gnu++17";
				CLANG_ENABLE_MODULES = YES;
				CLANG_ENABLE_OBJC_ARC = YES;
				CLANG_ENABLE_OBJC_WEAK = YES;
				CLANG_WARN_BLOCK_CAPTURE_AUTORELEASING = YES;
				CLANG_WARN_BOOL_CONVERSION = YES;
				CLANG_WARN_COMMA = YES;
				CLANG_WARN_CONSTANT_CONVERSION = YES;
				CLANG_WARN_DEPRECATED_OBJC_IMPLEMENTATIONS = YES;
				CLANG_WARN_DIRECT_OBJC_ISA_USAGE = YES_ERROR;
				CLANG_WARN_DOCUMENTATION_COMMENTS = YES;
				CLANG_WARN_EMPTY_BODY = YES;
				CLANG_WARN_ENUM_CONVERSION = YES;
				CLANG_WARN_INFINITE_RECURSION = YES;
				CLANG_WARN_INT_CONVERSION = YES;
				CLANG_WARN_NON_LITERAL_NULL_CONVERSION = YES;
				CLANG_WARN_OBJC_IMPLICIT_RETAIN_SELF = YES;
				CLANG_WARN_OBJC_LITERAL_CONVERSION = YES;
				CLANG_WARN_OBJC_ROOT_CLASS = YES_ERROR;
				CLANG_WARN_QUOTED_INCLUDE_IN_FRAMEWORK_HEADER = YES;
				CLANG_WARN_RANGE_LOOP_ANALYSIS = YES;
				CLANG_WARN_STRICT_PROTOTYPES = YES;
				CLANG_WARN_SUSPICIOUS_MOVE = YES;
				CLANG_WARN_UNGUARDED_AVAILABILITY = YES_AGGRESSIVE;
				CLANG_WARN_UNREACHABLE_CODE = YES;
				CLANG_WARN__DUPLICATE_METHOD_MATCH = YES;
				COPY_PHASE_STRIP = NO;
				DEBUG_INFORMATION_FORMAT = dwarf;
				ENABLE_STRICT_OBJC_MSGSEND = YES;
				ENABLE_TESTABILITY = YES;
				GCC_C_LANGUAGE_STANDARD = gnu11;
				GCC_DYNAMIC_NO_PIC = NO;
				GCC_NO_COMMON_BLOCKS = YES;
				GCC_OPTIMIZATION_LEVEL = 0;
				GCC_PREPROCESSOR_DEFINITIONS = (
					"DEBUG=1",
					"$(inherited)",
				);
				GCC_WARN_64_TO_32_BIT_CONVERSION = YES;
				GCC_WARN_ABOUT_RETURN_TYPE = YES_ERROR;
				GCC_WARN_UNDECLARED_SELECTOR = YES;
				GCC_WARN_UNINITIALIZED_AUTOS = YES_AGGRESSIVE;
				GCC_WARN_UNUSED_FUNCTION = YES;
				GCC_WARN_UNUSED_VARIABLE = YES;
				IPHONEOS_DEPLOYMENT_TARGET = 15.4;
				MTL_ENABLE_DEBUG_INFO = INCLUDE_SOURCE;
				MTL_FAST_MATH = YES;
				ONLY_ACTIVE_ARCH = YES;
				SDKROOT = iphoneos;
				SWIFT_ACTIVE_COMPILATION_CONDITIONS = DEBUG;
				SWIFT_OPTIMIZATION_LEVEL = "-Onone";
			};
			name = Debug;
		};
		07E7464E27F5FA0900129C60 /* Release */ = {
			isa = XCBuildConfiguration;
			buildSettings = {
				ALWAYS_SEARCH_USER_PATHS = NO;
				CLANG_ANALYZER_NONNULL = YES;
				CLANG_ANALYZER_NUMBER_OBJECT_CONVERSION = YES_AGGRESSIVE;
				CLANG_CXX_LANGUAGE_STANDARD = "gnu++17";
				CLANG_ENABLE_MODULES = YES;
				CLANG_ENABLE_OBJC_ARC = YES;
				CLANG_ENABLE_OBJC_WEAK = YES;
				CLANG_WARN_BLOCK_CAPTURE_AUTORELEASING = YES;
				CLANG_WARN_BOOL_CONVERSION = YES;
				CLANG_WARN_COMMA = YES;
				CLANG_WARN_CONSTANT_CONVERSION = YES;
				CLANG_WARN_DEPRECATED_OBJC_IMPLEMENTATIONS = YES;
				CLANG_WARN_DIRECT_OBJC_ISA_USAGE = YES_ERROR;
				CLANG_WARN_DOCUMENTATION_COMMENTS = YES;
				CLANG_WARN_EMPTY_BODY = YES;
				CLANG_WARN_ENUM_CONVERSION = YES;
				CLANG_WARN_INFINITE_RECURSION = YES;
				CLANG_WARN_INT_CONVERSION = YES;
				CLANG_WARN_NON_LITERAL_NULL_CONVERSION = YES;
				CLANG_WARN_OBJC_IMPLICIT_RETAIN_SELF = YES;
				CLANG_WARN_OBJC_LITERAL_CONVERSION = YES;
				CLANG_WARN_OBJC_ROOT_CLASS = YES_ERROR;
				CLANG_WARN_QUOTED_INCLUDE_IN_FRAMEWORK_HEADER = YES;
				CLANG_WARN_RANGE_LOOP_ANALYSIS = YES;
				CLANG_WARN_STRICT_PROTOTYPES = YES;
				CLANG_WARN_SUSPICIOUS_MOVE = YES;
				CLANG_WARN_UNGUARDED_AVAILABILITY = YES_AGGRESSIVE;
				CLANG_WARN_UNREACHABLE_CODE = YES;
				CLANG_WARN__DUPLICATE_METHOD_MATCH = YES;
				COPY_PHASE_STRIP = NO;
				DEBUG_INFORMATION_FORMAT = "dwarf-with-dsym";
				ENABLE_NS_ASSERTIONS = NO;
				ENABLE_STRICT_OBJC_MSGSEND = YES;
				GCC_C_LANGUAGE_STANDARD = gnu11;
				GCC_NO_COMMON_BLOCKS = YES;
				GCC_WARN_64_TO_32_BIT_CONVERSION = YES;
				GCC_WARN_ABOUT_RETURN_TYPE = YES_ERROR;
				GCC_WARN_UNDECLARED_SELECTOR = YES;
				GCC_WARN_UNINITIALIZED_AUTOS = YES_AGGRESSIVE;
				GCC_WARN_UNUSED_FUNCTION = YES;
				GCC_WARN_UNUSED_VARIABLE = YES;
				IPHONEOS_DEPLOYMENT_TARGET = 15.4;
				MTL_ENABLE_DEBUG_INFO = NO;
				MTL_FAST_MATH = YES;
				SDKROOT = iphoneos;
				SWIFT_COMPILATION_MODE = wholemodule;
				SWIFT_OPTIMIZATION_LEVEL = "-O";
				VALIDATE_PRODUCT = YES;
			};
			name = Release;
		};
		07E7465027F5FA0900129C60 /* Debug */ = {
			isa = XCBuildConfiguration;
			buildSettings = {
				ASSETCATALOG_COMPILER_APPICON_NAME = AppIcon;
				ASSETCATALOG_COMPILER_GLOBAL_ACCENT_COLOR_NAME = AccentColor;
				CODE_SIGN_STYLE = Automatic;
				CURRENT_PROJECT_VERSION = 1;
				GENERATE_INFOPLIST_FILE = YES;
				INFOPLIST_FILE = Solar/Info.plist;
				INFOPLIST_KEY_UIApplicationSupportsIndirectInputEvents = YES;
				INFOPLIST_KEY_UILaunchStoryboardName = LaunchScreen;
				INFOPLIST_KEY_UIMainStoryboardFile = Main;
				INFOPLIST_KEY_UISupportedInterfaceOrientations_iPad = "UIInterfaceOrientationPortrait UIInterfaceOrientationPortraitUpsideDown UIInterfaceOrientationLandscapeLeft UIInterfaceOrientationLandscapeRight";
				INFOPLIST_KEY_UISupportedInterfaceOrientations_iPhone = "UIInterfaceOrientationPortrait UIInterfaceOrientationLandscapeLeft UIInterfaceOrientationLandscapeRight";
				LD_RUNPATH_SEARCH_PATHS = (
					"$(inherited)",
					"@executable_path/Frameworks",
				);
				MARKETING_VERSION = 1.0;
				PRODUCT_BUNDLE_IDENTIFIER = com.humber.Solar;
				PRODUCT_NAME = "$(TARGET_NAME)";
				SWIFT_EMIT_LOC_STRINGS = YES;
				SWIFT_VERSION = 5.0;
				TARGETED_DEVICE_FAMILY = "1,2";
			};
			name = Debug;
		};
		07E7465127F5FA0900129C60 /* Release */ = {
			isa = XCBuildConfiguration;
			buildSettings = {
				ASSETCATALOG_COMPILER_APPICON_NAME = AppIcon;
				ASSETCATALOG_COMPILER_GLOBAL_ACCENT_COLOR_NAME = AccentColor;
				CODE_SIGN_STYLE = Automatic;
				CURRENT_PROJECT_VERSION = 1;
				GENERATE_INFOPLIST_FILE = YES;
				INFOPLIST_FILE = Solar/Info.plist;
				INFOPLIST_KEY_UIApplicationSupportsIndirectInputEvents = YES;
				INFOPLIST_KEY_UILaunchStoryboardName = LaunchScreen;
				INFOPLIST_KEY_UIMainStoryboardFile = Main;
				INFOPLIST_KEY_UISupportedInterfaceOrientations_iPad = "UIInterfaceOrientationPortrait UIInterfaceOrientationPortraitUpsideDown UIInterfaceOrientationLandscapeLeft UIInterfaceOrientationLandscapeRight";
				INFOPLIST_KEY_UISupportedInterfaceOrientations_iPhone = "UIInterfaceOrientationPortrait UIInterfaceOrientationLandscapeLeft UIInterfaceOrientationLandscapeRight";
				LD_RUNPATH_SEARCH_PATHS = (
					"$(inherited)",
					"@executable_path/Frameworks",
				);
				MARKETING_VERSION = 1.0;
				PRODUCT_BUNDLE_IDENTIFIER = com.humber.Solar;
				PRODUCT_NAME = "$(TARGET_NAME)";
				SWIFT_EMIT_LOC_STRINGS = YES;
				SWIFT_VERSION = 5.0;
				TARGETED_DEVICE_FAMILY = "1,2";
			};
			name = Release;
		};
/* End XCBuildConfiguration section */

/* Begin XCConfigurationList section */
		07E7463327F5FA0800129C60 /* Build configuration list for PBXProject "Solar" */ = {
			isa = XCConfigurationList;
			buildConfigurations = (
				07E7464D27F5FA0900129C60 /* Debug */,
				07E7464E27F5FA0900129C60 /* Release */,
			);
			defaultConfigurationIsVisible = 0;
			defaultConfigurationName = Release;
		};
		07E7464F27F5FA0900129C60 /* Build configuration list for PBXNativeTarget "Solar" */ = {
			isa = XCConfigurationList;
			buildConfigurations = (
				07E7465027F5FA0900129C60 /* Debug */,
				07E7465127F5FA0900129C60 /* Release */,
			);
			defaultConfigurationIsVisible = 0;
			defaultConfigurationName = Release;
		};
/* End XCConfigurationList section */

/* Begin XCVersionGroup section */
		07E7464427F5FA0800129C60 /* Solar.xcdatamodeld */ = {
			isa = XCVersionGroup;
			children = (
				07E7464527F5FA0800129C60 /* Solar.xcdatamodel */,
			);
			currentVersion = 07E7464527F5FA0800129C60 /* Solar.xcdatamodel */;
			path = Solar.xcdatamodeld;
			sourceTree = "<group>";
			versionGroupType = wrapper.xcdatamodel;
		};
/* End XCVersionGroup section */
	};
	rootObject = 07E7463027F5FA0800129C60 /* Project object */;
}
